
Microsoft Visual Studio Solution File, Format Version 12.00
# Visual Studio Version 17
VisualStudioVersion = 17.14.36616.10 d17.14
MinimumVisualStudioVersion = 10.0.40219.1
Project("{FAE04EC0-301F-11D3-BF4B-00C04F79EFBC}") = "Project1", "Project1\Project1.csproj", "{3A36E795-1D48-48C8-BCA9-4E52B81E546C}"
EndProject
Global
	GlobalSection(SolutionConfigurationPlatforms) = preSolution
		Debug|Any CPU = Debug|Any CPU
		Release|Any CPU = Release|Any CPU
	EndGlobalSection
	GlobalSection(ProjectConfigurationPlatforms) = postSolution
		{3A36E795-1D48-48C8-BCA9-4E52B81E546C}.Debug|Any CPU.ActiveCfg = Debug|Any CPU
		{3A36E795-1D48-48C8-BCA9-4E52B81E546C}.Debug|Any CPU.Build.0 = Debug|Any CPU
		{3A36E795-1D48-48C8-BCA9-4E52B81E546C}.Release|Any CPU.ActiveCfg = Release|Any CPU
		{3A36E795-1D48-48C8-BCA9-4E52B81E546C}.Release|Any CPU.Build.0 = Release|Any CPU
	EndGlobalSection
	GlobalSection(SolutionProperties) = preSolution
		HideSolutionNode = FALSE
	EndGlobalSection
	GlobalSection(ExtensibilityGlobals) = postSolution
		SolutionGuid = {80A9242B-F655-46FB-BD06-688F304BBC1D}
	EndGlobalSection
EndGlobal
